PODS:
  - Flutter (1.0.0)
  - integration_test (0.0.1):
    - Flutter
  - weekly_calendar (0.0.1):
    - Flutter

DEPENDENCIES:
  - Flutter (from `Flutter`)
  - integration_test (from `.symlinks/plugins/integration_test/ios`)
  - weekly_calendar (from `.symlinks/plugins/weekly_calendar/ios`)

EXTERNAL SOURCES:
  Flutter:
    :path: Flutter
  integration_test:
    :path: ".symlinks/plugins/integration_test/ios"
  weekly_calendar:
    :path: ".symlinks/plugins/weekly_calendar/ios"

SPEC CHECKSUMS:
  Flutter: f04841e97a9d0b0a8025694d0796dd46242b2854
  integration_test: 13825b8a9334a850581300559b8839134b124670
  weekly_calendar: 703ffda038b386e6e4c59a826e24f3d4d279d7fa

PODFILE CHECKSUM: 70d9d25280d0dd177a5f637cdb0f0b0b12c6a189

COCOAPODS: 1.11.2
